
Microsoft Visual Studio Solution File, Format Version 12.00
# Visual Studio Version 17
VisualStudioVersion = 17.5.33516.290
MinimumVisualStudioVersion = 10.0.40219.1
Project("{9A19103F-16F7-4668-BE54-9A1E7A4F7556}") = "GetStockPrices", "GetStockPrices\GetStockPrices.csproj", "{3190CCA1-3E65-4D73-9282-DC610D11D250}"
EndProject
Project("{9A19103F-16F7-4668-BE54-9A1E7A4F7556}") = "AP.ClassLibrary", "AP.ClassLibrary\AP.ClassLibrary.csproj", "{B78E36F6-8087-4A83-A709-803BDDE9AA33}"
EndProject
Global
	GlobalSection(SolutionConfigurationPlatforms) = preSolution
		Debug|Any CPU = Debug|Any CPU
		Release|Any CPU = Release|Any CPU
	EndGlobalSection
	GlobalSection(ProjectConfigurationPlatforms) = postSolution
		{3190CCA1-3E65-4D73-9282-DC610D11D250}.Debug|Any CPU.ActiveCfg = Debug|Any CPU
		{3190CCA1-3E65-4D73-9282-DC610D11D250}.Debug|Any CPU.Build.0 = Debug|Any CPU
		{3190CCA1-3E65-4D73-9282-DC610D11D250}.Release|Any CPU.ActiveCfg = Release|Any CPU
		{3190CCA1-3E65-4D73-9282-DC610D11D250}.Release|Any CPU.Build.0 = Release|Any CPU
		{B78E36F6-8087-4A83-A709-803BDDE9AA33}.Debug|Any CPU.ActiveCfg = Debug|Any CPU
		{B78E36F6-8087-4A83-A709-803BDDE9AA33}.Debug|Any CPU.Build.0 = Debug|Any CPU
		{B78E36F6-8087-4A83-A709-803BDDE9AA33}.Release|Any CPU.ActiveCfg = Release|Any CPU
		{B78E36F6-8087-4A83-A709-803BDDE9AA33}.Release|Any CPU.Build.0 = Release|Any CPU
	EndGlobalSection
	GlobalSection(SolutionProperties) = preSolution
		HideSolutionNode = FALSE
	EndGlobalSection
	GlobalSection(ExtensibilityGlobals) = postSolution
		SolutionGuid = {3EE3E602-A631-4030-9E35-8AB94C05DCD3}
	EndGlobalSection
EndGlobal
