
Microsoft Visual Studio Solution File, Format Version 12.00
# Visual Studio Version 17
VisualStudioVersion = 17.5.33516.290
MinimumVisualStudioVersion = 10.0.40219.1
Project("{9A19103F-16F7-4668-BE54-9A1E7A4F7556}") = "AP.ClassLibrary", "AP.ClassLibrary\AP.ClassLibrary.csproj", "{B78E36F6-8087-4A83-A709-803BDDE9AA33}"
EndProject
Project("{9A19103F-16F7-4668-BE54-9A1E7A4F7556}") = "AP.FunctionTests", "AP.FunctionTests\AP.FunctionTests.csproj", "{052829A9-B80F-4D9E-B58D-11C5F116A13F}"
EndProject
Project("{9A19103F-16F7-4668-BE54-9A1E7A4F7556}") = "AP.BlazorWASM", "AP.BlazorWASM\AP.BlazorWASM.csproj", "{534AC0D4-207B-4251-B488-8A2DCBB5B640}"
EndProject
Project("{9A19103F-16F7-4668-BE54-9A1E7A4F7556}") = "AP.API", "AP.API\AP.API.csproj", "{5719557F-7689-4A5B-8C40-9E55369752E9}"
EndProject
Project("{9A19103F-16F7-4668-BE54-9A1E7A4F7556}") = "AP.GetStockPrices", "AP.GetStockPrices\AP.GetStockPrices.csproj", "{7CA86270-DDC1-4741-9446-65EFEBD20452}"
EndProject
Project("{9A19103F-16F7-4668-BE54-9A1E7A4F7556}") = "AP.APITests", "AP.APITests\AP.APITests.csproj", "{962C505D-ABBA-4998-9815-72AA36D38EDA}"
EndProject
Project("{FAE04EC0-301F-11D3-BF4B-00C04F79EFBC}") = "AP.BlazorWASMTests", "AP.BlazorWASMTests\AP.BlazorWASMTests.csproj", "{2FB3FC97-22FC-4FC8-BAA3-80422CF3CC9A}"
EndProject
Global
	GlobalSection(SolutionConfigurationPlatforms) = preSolution
		Debug|Any CPU = Debug|Any CPU
		Release|Any CPU = Release|Any CPU
	EndGlobalSection
	GlobalSection(ProjectConfigurationPlatforms) = postSolution
		{B78E36F6-8087-4A83-A709-803BDDE9AA33}.Debug|Any CPU.ActiveCfg = Debug|Any CPU
		{B78E36F6-8087-4A83-A709-803BDDE9AA33}.Debug|Any CPU.Build.0 = Debug|Any CPU
		{B78E36F6-8087-4A83-A709-803BDDE9AA33}.Release|Any CPU.ActiveCfg = Release|Any CPU
		{B78E36F6-8087-4A83-A709-803BDDE9AA33}.Release|Any CPU.Build.0 = Release|Any CPU
		{052829A9-B80F-4D9E-B58D-11C5F116A13F}.Debug|Any CPU.ActiveCfg = Debug|Any CPU
		{052829A9-B80F-4D9E-B58D-11C5F116A13F}.Debug|Any CPU.Build.0 = Debug|Any CPU
		{052829A9-B80F-4D9E-B58D-11C5F116A13F}.Release|Any CPU.ActiveCfg = Release|Any CPU
		{052829A9-B80F-4D9E-B58D-11C5F116A13F}.Release|Any CPU.Build.0 = Release|Any CPU
		{534AC0D4-207B-4251-B488-8A2DCBB5B640}.Debug|Any CPU.ActiveCfg = Debug|Any CPU
		{534AC0D4-207B-4251-B488-8A2DCBB5B640}.Debug|Any CPU.Build.0 = Debug|Any CPU
		{534AC0D4-207B-4251-B488-8A2DCBB5B640}.Release|Any CPU.ActiveCfg = Release|Any CPU
		{534AC0D4-207B-4251-B488-8A2DCBB5B640}.Release|Any CPU.Build.0 = Release|Any CPU
		{5719557F-7689-4A5B-8C40-9E55369752E9}.Debug|Any CPU.ActiveCfg = Debug|Any CPU
		{5719557F-7689-4A5B-8C40-9E55369752E9}.Debug|Any CPU.Build.0 = Debug|Any CPU
		{5719557F-7689-4A5B-8C40-9E55369752E9}.Release|Any CPU.ActiveCfg = Release|Any CPU
		{5719557F-7689-4A5B-8C40-9E55369752E9}.Release|Any CPU.Build.0 = Release|Any CPU
		{7CA86270-DDC1-4741-9446-65EFEBD20452}.Debug|Any CPU.ActiveCfg = Debug|Any CPU
		{7CA86270-DDC1-4741-9446-65EFEBD20452}.Debug|Any CPU.Build.0 = Debug|Any CPU
		{7CA86270-DDC1-4741-9446-65EFEBD20452}.Release|Any CPU.ActiveCfg = Release|Any CPU
		{7CA86270-DDC1-4741-9446-65EFEBD20452}.Release|Any CPU.Build.0 = Release|Any CPU
		{962C505D-ABBA-4998-9815-72AA36D38EDA}.Debug|Any CPU.ActiveCfg = Debug|Any CPU
		{962C505D-ABBA-4998-9815-72AA36D38EDA}.Debug|Any CPU.Build.0 = Debug|Any CPU
		{962C505D-ABBA-4998-9815-72AA36D38EDA}.Release|Any CPU.ActiveCfg = Release|Any CPU
		{962C505D-ABBA-4998-9815-72AA36D38EDA}.Release|Any CPU.Build.0 = Release|Any CPU
		{2FB3FC97-22FC-4FC8-BAA3-80422CF3CC9A}.Debug|Any CPU.ActiveCfg = Debug|Any CPU
		{2FB3FC97-22FC-4FC8-BAA3-80422CF3CC9A}.Debug|Any CPU.Build.0 = Debug|Any CPU
		{2FB3FC97-22FC-4FC8-BAA3-80422CF3CC9A}.Release|Any CPU.ActiveCfg = Release|Any CPU
		{2FB3FC97-22FC-4FC8-BAA3-80422CF3CC9A}.Release|Any CPU.Build.0 = Release|Any CPU
	EndGlobalSection
	GlobalSection(SolutionProperties) = preSolution
		HideSolutionNode = FALSE
	EndGlobalSection
	GlobalSection(ExtensibilityGlobals) = postSolution
		SolutionGuid = {3EE3E602-A631-4030-9E35-8AB94C05DCD3}
	EndGlobalSection
EndGlobal
